
Microsoft Visual Studio Solution File, Format Version 12.00
# Visual Studio Version 17
VisualStudioVersion = 17.7.34031.279
MinimumVisualStudioVersion = 10.0.40219.1
Project("{9A19103F-16F7-4668-BE54-9A1E7A4F7556}") = "HealthMate", "HealthMate\HealthMate.csproj", "{E8774023-F36F-4EE1-9343-B1A59CBEF4D6}"
EndProject
Project("{FAE04EC0-301F-11D3-BF4B-00C04F79EFBC}") = "HealthMate UI", "HealthMate_UI\HealthMate UI.csproj", "{B0C7D1C3-6F08-4DB5-A301-05A39F29E070}"
EndProject
Global
	GlobalSection(SolutionConfigurationPlatforms) = preSolution
		Debug|Any CPU = Debug|Any CPU
		Release|Any CPU = Release|Any CPU
	EndGlobalSection
	GlobalSection(ProjectConfigurationPlatforms) = postSolution
		{E8774023-F36F-4EE1-9343-B1A59CBEF4D6}.Debug|Any CPU.ActiveCfg = Debug|Any CPU
		{E8774023-F36F-4EE1-9343-B1A59CBEF4D6}.Debug|Any CPU.Build.0 = Debug|Any CPU
		{E8774023-F36F-4EE1-9343-B1A59CBEF4D6}.Release|Any CPU.ActiveCfg = Release|Any CPU
		{E8774023-F36F-4EE1-9343-B1A59CBEF4D6}.Release|Any CPU.Build.0 = Release|Any CPU
		{B0C7D1C3-6F08-4DB5-A301-05A39F29E070}.Debug|Any CPU.ActiveCfg = Debug|Any CPU
		{B0C7D1C3-6F08-4DB5-A301-05A39F29E070}.Debug|Any CPU.Build.0 = Debug|Any CPU
		{B0C7D1C3-6F08-4DB5-A301-05A39F29E070}.Release|Any CPU.ActiveCfg = Release|Any CPU
		{B0C7D1C3-6F08-4DB5-A301-05A39F29E070}.Release|Any CPU.Build.0 = Release|Any CPU
	EndGlobalSection
	GlobalSection(SolutionProperties) = preSolution
		HideSolutionNode = FALSE
	EndGlobalSection
	GlobalSection(ExtensibilityGlobals) = postSolution
		SolutionGuid = {EA387AD4-3D35-4DB1-AD2F-BA70287AE891}
	EndGlobalSection
EndGlobal
